
Microsoft Visual Studio Solution File, Format Version 12.00
# Visual Studio Version 17
VisualStudioVersion = 17.8.34004.107
MinimumVisualStudioVersion = 10.0.40219.1
Project("{FAE04EC0-301F-11D3-BF4B-00C04F79EFBC}") = "Blog.Web", "Blog.Web\Blog.Web.csproj", "{5022EC46-1819-4494-930A-454A03BFCC40}"
EndProject
Project("{FAE04EC0-301F-11D3-BF4B-00C04F79EFBC}") = "Blog.Entity", "Blog.Entity\Blog.Entity.csproj", "{2CB43221-B142-4251-B2FF-AB959B62B2D6}"
EndProject
Project("{FAE04EC0-301F-11D3-BF4B-00C04F79EFBC}") = "Blog.Data", "Blog.Data\Blog.Data.csproj", "{EFC42EED-6494-40AB-8E5E-9EC1F55B6E12}"
EndProject
Project("{FAE04EC0-301F-11D3-BF4B-00C04F79EFBC}") = "Blog.Service", "Blog.Service\Blog.Service.csproj", "{0FB95933-4F28-465E-A401-B8CB5876AF43}"
EndProject
Project("{FAE04EC0-301F-11D3-BF4B-00C04F79EFBC}") = "Blog.Core", "Blog.Core\Blog.Core.csproj", "{0A363307-68AE-41F9-8363-6FC17DD5FFDB}"
EndProject
Global
	GlobalSection(SolutionConfigurationPlatforms) = preSolution
		Debug|Any CPU = Debug|Any CPU
		Release|Any CPU = Release|Any CPU
	EndGlobalSection
	GlobalSection(ProjectConfigurationPlatforms) = postSolution
		{5022EC46-1819-4494-930A-454A03BFCC40}.Debug|Any CPU.ActiveCfg = Debug|Any CPU
		{5022EC46-1819-4494-930A-454A03BFCC40}.Debug|Any CPU.Build.0 = Debug|Any CPU
		{5022EC46-1819-4494-930A-454A03BFCC40}.Release|Any CPU.ActiveCfg = Release|Any CPU
		{5022EC46-1819-4494-930A-454A03BFCC40}.Release|Any CPU.Build.0 = Release|Any CPU
		{2CB43221-B142-4251-B2FF-AB959B62B2D6}.Debug|Any CPU.ActiveCfg = Debug|Any CPU
		{2CB43221-B142-4251-B2FF-AB959B62B2D6}.Debug|Any CPU.Build.0 = Debug|Any CPU
		{2CB43221-B142-4251-B2FF-AB959B62B2D6}.Release|Any CPU.ActiveCfg = Release|Any CPU
		{2CB43221-B142-4251-B2FF-AB959B62B2D6}.Release|Any CPU.Build.0 = Release|Any CPU
		{EFC42EED-6494-40AB-8E5E-9EC1F55B6E12}.Debug|Any CPU.ActiveCfg = Debug|Any CPU
		{EFC42EED-6494-40AB-8E5E-9EC1F55B6E12}.Debug|Any CPU.Build.0 = Debug|Any CPU
		{EFC42EED-6494-40AB-8E5E-9EC1F55B6E12}.Release|Any CPU.ActiveCfg = Release|Any CPU
		{EFC42EED-6494-40AB-8E5E-9EC1F55B6E12}.Release|Any CPU.Build.0 = Release|Any CPU
		{0FB95933-4F28-465E-A401-B8CB5876AF43}.Debug|Any CPU.ActiveCfg = Debug|Any CPU
		{0FB95933-4F28-465E-A401-B8CB5876AF43}.Debug|Any CPU.Build.0 = Debug|Any CPU
		{0FB95933-4F28-465E-A401-B8CB5876AF43}.Release|Any CPU.ActiveCfg = Release|Any CPU
		{0FB95933-4F28-465E-A401-B8CB5876AF43}.Release|Any CPU.Build.0 = Release|Any CPU
		{0A363307-68AE-41F9-8363-6FC17DD5FFDB}.Debug|Any CPU.ActiveCfg = Debug|Any CPU
		{0A363307-68AE-41F9-8363-6FC17DD5FFDB}.Debug|Any CPU.Build.0 = Debug|Any CPU
		{0A363307-68AE-41F9-8363-6FC17DD5FFDB}.Release|Any CPU.ActiveCfg = Release|Any CPU
		{0A363307-68AE-41F9-8363-6FC17DD5FFDB}.Release|Any CPU.Build.0 = Release|Any CPU
	EndGlobalSection
	GlobalSection(SolutionProperties) = preSolution
		HideSolutionNode = FALSE
	EndGlobalSection
	GlobalSection(ExtensibilityGlobals) = postSolution
		SolutionGuid = {50A89254-94B6-49A4-8C4E-448027078612}
	EndGlobalSection
EndGlobal
